
Microsoft Visual Studio Solution File, Format Version 12.00
# Visual Studio Version 16
VisualStudioVersion = 16.0.30523.141
MinimumVisualStudioVersion = 10.0.40219.1
Project("{FAE04EC0-301F-11D3-BF4B-00C04F79EFBC}") = "SnakeV1", "SnakeV1\SnakeV1.csproj", "{9ED8B065-D426-4F47-91F2-428796D1C8C5}"
EndProject
Global
	GlobalSection(SolutionConfigurationPlatforms) = preSolution
		Debug|Any CPU = Debug|Any CPU
		Release|Any CPU = Release|Any CPU
	EndGlobalSection
	GlobalSection(ProjectConfigurationPlatforms) = postSolution
		{9ED8B065-D426-4F47-91F2-428796D1C8C5}.Debug|Any CPU.ActiveCfg = Debug|Any CPU
		{9ED8B065-D426-4F47-91F2-428796D1C8C5}.Debug|Any CPU.Build.0 = Debug|Any CPU
		{9ED8B065-D426-4F47-91F2-428796D1C8C5}.Release|Any CPU.ActiveCfg = Release|Any CPU
		{9ED8B065-D426-4F47-91F2-428796D1C8C5}.Release|Any CPU.Build.0 = Release|Any CPU
	EndGlobalSection
	GlobalSection(SolutionProperties) = preSolution
		HideSolutionNode = FALSE
	EndGlobalSection
	GlobalSection(ExtensibilityGlobals) = postSolution
		SolutionGuid = {57DF854D-E5C1-432F-A371-EAA6DEEEC89B}
	EndGlobalSection
EndGlobal
